
Microsoft Visual Studio Solution File, Format Version 12.00
# Visual Studio Version 16
VisualStudioVersion = 16.0.32002.261
MinimumVisualStudioVersion = 10.0.40219.1
Project("{FAE04EC0-301F-11D3-BF4B-00C04F79EFBC}") = "MyFirstASPNETWebApp", "MyFirstASPNETWebApp\MyFirstASPNETWebApp.csproj", "{CC0CB839-6DE0-41DC-94D6-76C96A0DC0FE}"
EndProject
Global
	GlobalSection(SolutionConfigurationPlatforms) = preSolution
		Debug|Any CPU = Debug|Any CPU
		Release|Any CPU = Release|Any CPU
	EndGlobalSection
	GlobalSection(ProjectConfigurationPlatforms) = postSolution
		{CC0CB839-6DE0-41DC-94D6-76C96A0DC0FE}.Debug|Any CPU.ActiveCfg = Debug|Any CPU
		{CC0CB839-6DE0-41DC-94D6-76C96A0DC0FE}.Debug|Any CPU.Build.0 = Debug|Any CPU
		{CC0CB839-6DE0-41DC-94D6-76C96A0DC0FE}.Release|Any CPU.ActiveCfg = Release|Any CPU
		{CC0CB839-6DE0-41DC-94D6-76C96A0DC0FE}.Release|Any CPU.Build.0 = Release|Any CPU
	EndGlobalSection
	GlobalSection(SolutionProperties) = preSolution
		HideSolutionNode = FALSE
	EndGlobalSection
	GlobalSection(ExtensibilityGlobals) = postSolution
		SolutionGuid = {40E8EADA-B440-48A6-A013-5C30040675BA}
	EndGlobalSection
EndGlobal
